# This file is generated by running "yarn install" inside your project.
# Manual changes might be lost - proceed with caution!

__metadata:
  version: 4
  cacheKey: 7

"@rtapp/verify@workspace:.":
  version: 0.0.0-use.local
  resolution: "@rtapp/verify@workspace:."
  dependencies:
    markdown-toc: ^1.2.0
    prettier: ^2.1.1
    vercel: ^20.0.0
  languageName: unknown
  linkType: soft

"@sindresorhus/is@npm:^0.14.0":
  version: 0.14.0
  resolution: "@sindresorhus/is@npm:0.14.0"
  checksum: da26389d6e23f64726224ffda6f6a04bab88e15b9c4eb8f9e5fdafc3baaaa071c85c47816723b7e61e14bf2f4dcff25d6bc1629032c2916ffb8b3fe759ad7b1f
  languageName: node
  linkType: hard

"@szmarczak/http-timer@npm:^1.1.2":
  version: 1.1.2
  resolution: "@szmarczak/http-timer@npm:1.1.2"
  dependencies:
    defer-to-connect: ^1.0.1
  checksum: a46ec854231194dd1ab924a5ea0d8f0afa2b7133754a3def099cc5749e34802d8668a7d7ee3583327048354b9dc621113843d8546387e06ff57e6763cbb558d9
  languageName: node
  linkType: hard

"@types/keyv@npm:^3.1.1":
  version: 3.1.1
  resolution: "@types/keyv@npm:3.1.1"
  dependencies:
    "@types/node": "*"
  checksum: 3aaf557d5b82e733d5a17b7f55af5d6be953363c3a594f006d64265790fe87c301c6e1400c0b6b1cf72add50a0ceddc25afb8231ab8302a2e5b6ebfbfac30e5d
  languageName: node
  linkType: hard

"@types/node@npm:*":
  version: 14.14.41
  resolution: "@types/node@npm:14.14.41"
  checksum: 37dfb639644c8ee9b9846106834983f590d494b855e74645a4f169ea24199f7559366d25f6e72e83ba940b59eb6370e002bd53963d098d6d9fdf935a37011417
  languageName: node
  linkType: hard

"@types/responselike@npm:^1.0.0":
  version: 1.0.0
  resolution: "@types/responselike@npm:1.0.0"
  dependencies:
    "@types/node": "*"
  checksum: e6e6613c800aeda63e2331e753e8d21df1a2c9aa7a4bc71ed792a848e4811fc96e609759089355314a2318c76eff1f161499cd242044838ab1e6f56e463ebb9c
  languageName: node
  linkType: hard

"@vercel/build-utils@npm:2.6.0":
  version: 2.6.0
  resolution: "@vercel/build-utils@npm:2.6.0"
  checksum: f53dcb5a6a95f4844aef9ead9a5cd3070aef0d3c649421ead4e5528b68b2335932b7006d7910a5dcba4cc20a901d8d88f7f544b94002e1e052244cb7e94951e1
  languageName: node
  linkType: hard

"@vercel/go@npm:1.1.6":
  version: 1.1.6
  resolution: "@vercel/go@npm:1.1.6"
  checksum: 0fc6a0e0a01735727e179a04e5401992af979113ad466bc0af38529362420912ef44e5d4418697f83fdc0ac606abe8774b4dfd3ba455dfdfbab0b9efdae5fdd6
  languageName: node
  linkType: hard

"@vercel/node@npm:1.8.5":
  version: 1.8.5
  resolution: "@vercel/node@npm:1.8.5"
  dependencies:
    "@types/node": "*"
    ts-node: 8.9.1
    typescript: 3.9.3
  checksum: eab7ffdcf9d0f67a5337c336ddf544fb76e8101751bcbfe73afd6cea91af49cc670ba3a64f744814a3546f54e4e5fcaae06e487f528ff85ba73ca762619e48a7
  languageName: node
  linkType: hard

"@vercel/python@npm:1.2.3":
  version: 1.2.3
  resolution: "@vercel/python@npm:1.2.3"
  checksum: 6b24668b384c4afa1569b18aee40272480f083b2aaac2d4978ccb1476843516acdef5d5053c0f425f19156cece652d077c9c99272eba0f5a3bc65f65e69fa1e3
  languageName: node
  linkType: hard

"@vercel/ruby@npm:1.2.4":
  version: 1.2.4
  resolution: "@vercel/ruby@npm:1.2.4"
  checksum: be8efd2f80fc8278c87f531665eb387add53fc6759eefc6d7db75909459b43b3797f0c83efe6714a69aca4d826d300efaf3fb3cc0c402889edd427330408330f
  languageName: node
  linkType: hard

"ansi-align@npm:^3.0.0":
  version: 3.0.0
  resolution: "ansi-align@npm:3.0.0"
  dependencies:
    string-width: ^3.0.0
  checksum: e6bea1d61003857c5bbf3e81d806b53d32acb482f14dfe88233ba60656fd161cdb91d64b4feccb350adc511ac33fa60eb9ebac0afbcb0e22a8b17210a9f2147d
  languageName: node
  linkType: hard

"ansi-red@npm:^0.1.1":
  version: 0.1.1
  resolution: "ansi-red@npm:0.1.1"
  dependencies:
    ansi-wrap: 0.1.0
  checksum: db962d41ab14b60ee50005398d0843aa1a7a2ac40d9d5ffb1b89db4e6d5346713074a340925511c3a9c4bf6d374a94de0d68d595ca6e737193de19562c75a93e
  languageName: node
  linkType: hard

"ansi-regex@npm:^4.1.0":
  version: 4.1.0
  resolution: "ansi-regex@npm:4.1.0"
  checksum: 53b6fe447cf92ee59739379de637af6f86b3b8a9537fbfe36a66f946f1d9d34afc3efe664ac31bcc7c3af042d43eabcfcfd3f790316d474bbc7b19a4b1d132dd
  languageName: node
  linkType: hard

"ansi-regex@npm:^5.0.0":
  version: 5.0.0
  resolution: "ansi-regex@npm:5.0.0"
  checksum: cbd9b5c9dbbb4a949c2a6e93f1c6cc19f0683d8a4724d08d2158627be6d373f0f3ba1f4ada01dce7ee141f2ba2628fbbd29932c7d49926e3b630c7f329f3178b
  languageName: node
  linkType: hard

"ansi-styles@npm:^4.1.0":
  version: 4.3.0
  resolution: "ansi-styles@npm:4.3.0"
  dependencies:
    color-convert: ^2.0.1
  checksum: ea02c0179f3dd089a161f5fdd7ccd89dd84f31d82b68869f1134bf5c5b9e1313dadd2ff9edb02b44f46243f285ef5b785f6cb61c84a293694221417c42934407
  languageName: node
  linkType: hard

"ansi-wrap@npm:0.1.0":
  version: 0.1.0
  resolution: "ansi-wrap@npm:0.1.0"
  checksum: f9d05b4d83bb5af5908e84ba62cec55a62bb480d9611a384355b809129eb30d678c30453206a12eb9702069c91d78a1ed9e9433e0063d00fe07a89253bc4c848
  languageName: node
  linkType: hard

"arg@npm:^4.1.0":
  version: 4.1.3
  resolution: "arg@npm:4.1.3"
  checksum: 81b3b40b1529c4fbf75b12f7c3e6fb2dcce9e78072063babc169de9b4f40777788f3d2b04380f659ef676a756e03ccfbfe78adf4477353bda906295fa69dab89
  languageName: node
  linkType: hard

"argparse@npm:^1.0.10, argparse@npm:^1.0.7":
  version: 1.0.10
  resolution: "argparse@npm:1.0.10"
  dependencies:
    sprintf-js: ~1.0.2
  checksum: 435adaef5f6671c3ef1478a22be6fd54bdb99fdbbce8f5561b9cbbb05068ccce87b7df3b9f3322ff52a6ebb9cab2b427cbedac47a07611690a9beaa5184093e2
  languageName: node
  linkType: hard

"autolinker@npm:~0.28.0":
  version: 0.28.1
  resolution: "autolinker@npm:0.28.1"
  dependencies:
    gulp-header: ^1.7.1
  checksum: 3609e5c67d30476949e6ccd4539687be142be2f48ead87ad83c2761efd8ea505cd906ef92a88b5c0901ce9f6e8a1768c31fe3f6802eb937c34df22199496fa7b
  languageName: node
  linkType: hard

"boxen@npm:^4.2.0":
  version: 4.2.0
  resolution: "boxen@npm:4.2.0"
  dependencies:
    ansi-align: ^3.0.0
    camelcase: ^5.3.1
    chalk: ^3.0.0
    cli-boxes: ^2.2.0
    string-width: ^4.1.0
    term-size: ^2.1.0
    type-fest: ^0.8.1
    widest-line: ^3.1.0
  checksum: 667b291d227a86134aaacd6f2f997828607a8e2ead0da7b2568372728382765634df46e211f73d3b11a43784db7ec53da627a57213adbd42ce10ad39609ee4e3
  languageName: node
  linkType: hard

"buffer-from@npm:^1.0.0":
  version: 1.1.1
  resolution: "buffer-from@npm:1.1.1"
  checksum: 540ceb79c4f5bfcadaabbc18324fa84c50dc52905084be7c03596a339cf5a88513bee6831ce9b36ddd046fab09257a7c80686e129d0559a0cfd141da196ad956
  languageName: node
  linkType: hard

"cacheable-request@npm:^6.0.0":
  version: 6.1.0
  resolution: "cacheable-request@npm:6.1.0"
  dependencies:
    clone-response: ^1.0.2
    get-stream: ^5.1.0
    http-cache-semantics: ^4.0.0
    keyv: ^3.0.0
    lowercase-keys: ^2.0.0
    normalize-url: ^4.1.0
    responselike: ^1.0.2
  checksum: 8b43f661371084ee67309c6bac93313360f55d5dfb1b622d32750c95a5f9c470a83d5798a042a67badcc0674ce0ca586a72f41e450275e78d87da1b705b91efb
  languageName: node
  linkType: hard

"camelcase@npm:^5.3.1":
  version: 5.3.1
  resolution: "camelcase@npm:5.3.1"
  checksum: 6a3350c4ea8ab6e5109e0b443cfaf43dc40abfad7b2d79dcafbbafbe9b6b4059b4365b17ad822e24cf08e6627c1ffb65a9651d05cef9fcc6f64b6a0c2f327feb
  languageName: node
  linkType: hard

"chalk@npm:^3.0.0":
  version: 3.0.0
  resolution: "chalk@npm:3.0.0"
  dependencies:
    ansi-styles: ^4.1.0
    supports-color: ^7.1.0
  checksum: 4018b0c812880da595d0d7b8159939527b72f58d3370e2fdc1a24d9abd460bab851695d7eca014082f110d5702d1221b05493fec430ccce375de907d50cc48c1
  languageName: node
  linkType: hard

"ci-info@npm:^2.0.0":
  version: 2.0.0
  resolution: "ci-info@npm:2.0.0"
  checksum: 553fe83c085fce5e19e20f85b993f24a463e6f805803837a8868607bb68b1300567868694a5dff1beca6c54926a4c0be1cc9ef0c35f810653d590bf64183f6a0
  languageName: node
  linkType: hard

"cli-boxes@npm:^2.2.0":
  version: 2.2.1
  resolution: "cli-boxes@npm:2.2.1"
  checksum: 1d39df5628a44779727cc32496fff73933f22723c0ef572c043a3fa5d9b4b88024416ff92db582076b275bdf7d7f460fc7e5fa7eb8e88d3226f08233963083a7
  languageName: node
  linkType: hard

"clone-response@npm:^1.0.2":
  version: 1.0.2
  resolution: "clone-response@npm:1.0.2"
  dependencies:
    mimic-response: ^1.0.0
  checksum: 71832f9219f2682b0915bdbc0dd187ba8e63d16b0af5342b44f97b34afe9400a1f528a253dd2f70a8dd8b23bfa4c4e106928fcc520fa5899d769af95e4cce53c
  languageName: node
  linkType: hard

"coffee-script@npm:^1.12.4":
  version: 1.12.7
  resolution: "coffee-script@npm:1.12.7"
  bin:
    cake: ./bin/cake
    coffee: ./bin/coffee
  checksum: f515c08a6d39649be5ad292ca4ccfe20eab39870be060b35bc519da95c871de739b0fc2bf203b88036c985aa2c57bdfba9a95937fe83f016a48bf736de1f5987
  languageName: node
  linkType: hard

"color-convert@npm:^2.0.1":
  version: 2.0.1
  resolution: "color-convert@npm:2.0.1"
  dependencies:
    color-name: ~1.1.4
  checksum: 3d5d8a011a43012ca11b6d739049ecf2055d95582fd16ec44bf1e685eb0baa5cc652002be8a1dc92b429c8d87418287d0528266a7595cb1ad8a7f4f1d3049df2
  languageName: node
  linkType: hard

"color-name@npm:~1.1.4":
  version: 1.1.4
  resolution: "color-name@npm:1.1.4"
  checksum: 3e1c9a4dee12eada307436f61614dd11fe300469db2b83f80c8b7a7cd8a1015f0f18dd13403f018927b249003777ff60baba4a03c65f12e6bddc0dfd9642021f
  languageName: node
  linkType: hard

"concat-stream@npm:^1.5.2":
  version: 1.6.2
  resolution: "concat-stream@npm:1.6.2"
  dependencies:
    buffer-from: ^1.0.0
    inherits: ^2.0.3
    readable-stream: ^2.2.2
    typedarray: ^0.0.6
  checksum: 7a97b7a7d0938e36800bdb6f5caf938bac8c523a6ec15df1f2ac41d3785541be30a6671c9f4c0d1ac9609e6ab29dcab8f54d1c84035e3e3b7b24f9336da68ab0
  languageName: node
  linkType: hard

"concat-with-sourcemaps@npm:*":
  version: 1.1.0
  resolution: "concat-with-sourcemaps@npm:1.1.0"
  dependencies:
    source-map: ^0.6.1
  checksum: fdde7c621e5f8e1015670294ec5d524787b0eb53c422222dc10a0b2b2762a310197043aba526a3ed5f8933fb44e68d40e8119723bbf20f1f95d43699960f6933
  languageName: node
  linkType: hard

"configstore@npm:^5.0.1":
  version: 5.0.1
  resolution: "configstore@npm:5.0.1"
  dependencies:
    dot-prop: ^5.2.0
    graceful-fs: ^4.1.2
    make-dir: ^3.0.0
    unique-string: ^2.0.0
    write-file-atomic: ^3.0.0
    xdg-basedir: ^4.0.0
  checksum: 81dd877bf784af29e7bbeb14e183fef21df07d9eceb3e94601a0689accb168b55f4661c629d32f079f88ea1bff3396434beb0d022414b601e72cf89adf4167e1
  languageName: node
  linkType: hard

"core-util-is@npm:~1.0.0":
  version: 1.0.2
  resolution: "core-util-is@npm:1.0.2"
  checksum: 089015ee3c462dfceba70faa1df83b42a7bb35db26dae6af283247b06fe3216c65fccd9f00eebcaf98300dc31e981d56aae9f90b624f8f6ff1153e235ff88b65
  languageName: node
  linkType: hard

"crypto-random-string@npm:^2.0.0":
  version: 2.0.0
  resolution: "crypto-random-string@npm:2.0.0"
  checksum: 7bc19f6cafe3194a434198c9414941cc36d874e1f85b6fcba573b5623f77a440c0a10a94c0d0da26d7d23d85b6fe07354e589ef1a0fe2d7b32e0bab9e70ca4c1
  languageName: node
  linkType: hard

"decompress-response@npm:^3.3.0":
  version: 3.3.0
  resolution: "decompress-response@npm:3.3.0"
  dependencies:
    mimic-response: ^1.0.0
  checksum: 93b0dcc8f0c32f1d5eb656e7db54fa5554227b8bfefd242c9d28f7b9c3908052c2ab8297b4af6256759da496679ee3a806d559f22d29b7e71a25879a2c25b99b
  languageName: node
  linkType: hard

"deep-extend@npm:^0.6.0":
  version: 0.6.0
  resolution: "deep-extend@npm:0.6.0"
  checksum: 856d7f52db152c19fc5a70439ea938461cfb9338a632496fe370050dc73d3291cd76fc6713f604a5c126612dee9cac0f6da1d4b88ba4b0caa4f7214345879b89
  languageName: node
  linkType: hard

"defer-to-connect@npm:^1.0.1":
  version: 1.1.3
  resolution: "defer-to-connect@npm:1.1.3"
  checksum: d8632cafae79a077b894c17f92d668784ad83825150d31c107df4fafc39f351ecd5112e0c75e0c2886c29ea359faf299bbb73246af71607b1e5b0d1ecc496ebf
  languageName: node
  linkType: hard

"diacritics-map@npm:^0.1.0":
  version: 0.1.0
  resolution: "diacritics-map@npm:0.1.0"
  checksum: eeff5a311907ee279111de3ac551ce8262fdd751983b9accba4803b7f945e9c5a5726df5a555f2c9c95f9925735b8778ed9565cea096a69a084a70cb39d74e32
  languageName: node
  linkType: hard

"diff@npm:^4.0.1":
  version: 4.0.2
  resolution: "diff@npm:4.0.2"
  checksum: 81b5cd7ddde6f0ba2a532d434cfdca365aedd6cc62bb133e851e66e071d40382a30924a07c1034bd3d5a2e332146f64514b73c06fe2ebc0490a67f0c98da79fb
  languageName: node
  linkType: hard

"dot-prop@npm:^5.2.0":
  version: 5.3.0
  resolution: "dot-prop@npm:5.3.0"
  dependencies:
    is-obj: ^2.0.0
  checksum: 76e6693d8803eeff9cb920988446bf223cf1f6e5b1c0c2fe07a66906392134931a481b11e3c0bd852c5cfc97fad65258bcb4359169ad1d8d624cb3f56932be98
  languageName: node
  linkType: hard

"duplexer3@npm:^0.1.4":
  version: 0.1.4
  resolution: "duplexer3@npm:0.1.4"
  checksum: 2a4ae463aafdb6e3541e556785d971e83e8d2b534b4cfcb114b01ebc6af6dde5a07454835c7207c8eeb5472927db1bac1b507044413164e991906c5da807938b
  languageName: node
  linkType: hard

"emoji-regex@npm:^7.0.1":
  version: 7.0.3
  resolution: "emoji-regex@npm:7.0.3"
  checksum: e3a504cf5242061d9b3c78a88ce787d6beee37a5d21287c6ccdddf1fe665d5ef3eddfdda663d0baf683df8e7d354210eeb1458a7d9afdf0d7a28d48cbb9975e1
  languageName: node
  linkType: hard

"emoji-regex@npm:^8.0.0":
  version: 8.0.0
  resolution: "emoji-regex@npm:8.0.0"
  checksum: 87cf3f89efb8ba028075b3dc1713e2c5609af94cbc129b1f00c3113d01dbe4bf85c9d971e75a98bf8a8508131727682ce929e4bd70e9022af4fd47d75e9507de
  languageName: node
  linkType: hard

"end-of-stream@npm:^1.1.0":
  version: 1.4.4
  resolution: "end-of-stream@npm:1.4.4"
  dependencies:
    once: ^1.4.0
  checksum: 7da60e458bdb5e16c006a45e85ef3bc1e3791db5ba275b0913258ccddc8899acb9252c4ddbcce87bd1b46e2a3f97315aafb9f0c0330e8aac44defb504a9d3ccd
  languageName: node
  linkType: hard

"escape-goat@npm:^2.0.0":
  version: 2.1.1
  resolution: "escape-goat@npm:2.1.1"
  checksum: 8270a80ca5449893b004ae260f41aece7db91198dcb007f3f26e68c3adde0f9a4c63df9aaa23d9a3a79b670a304a30986027770b2afd5b09be18a8ffcc8ab88d
  languageName: node
  linkType: hard

"esprima@npm:^4.0.0":
  version: 4.0.1
  resolution: "esprima@npm:4.0.1"
  bin:
    esparse: ./bin/esparse.js
    esvalidate: ./bin/esvalidate.js
  checksum: 5df45a3d9c95c36800d028ba76d8d4e04e199932b58c2939f462f859fd583e7d39b4a12d3f97986cf272a28a5fe5948ee6e49e36ef63f67b5b48d82a635c5081
  languageName: node
  linkType: hard

"expand-range@npm:^1.8.1":
  version: 1.8.2
  resolution: "expand-range@npm:1.8.2"
  dependencies:
    fill-range: ^2.1.0
  checksum: 0df22f2b18552a67384722c53f348a8d886a05bcc5813dc1ae642d89e7d42f7606ae5b2f41b097da684fae1621e3de35640fb4bc96bf64383865a668e778dd15
  languageName: node
  linkType: hard

"extend-shallow@npm:^2.0.1":
  version: 2.0.1
  resolution: "extend-shallow@npm:2.0.1"
  dependencies:
    is-extendable: ^0.1.0
  checksum: 03dbbba8b9711409442428f4e0f80a92f86862a4d2559fa9629dd7080e85cacc6311c84ebea8b22b5ff40d3ef6475bbf534f098b77b7624448276708e60fa248
  languageName: node
  linkType: hard

"fill-range@npm:^2.1.0":
  version: 2.2.4
  resolution: "fill-range@npm:2.2.4"
  dependencies:
    is-number: ^2.1.0
    isobject: ^2.0.0
    randomatic: ^3.0.0
    repeat-element: ^1.1.2
    repeat-string: ^1.5.2
  checksum: bef48341c63659cd53be98b9afe2e4a4662816b2e6e3bf7874486922e8b69ce072fefb2b40b04b9d7e25105ac31bf4ac8b93a3f7c061557c43c6551d081f471b
  languageName: node
  linkType: hard

"for-in@npm:^1.0.2":
  version: 1.0.2
  resolution: "for-in@npm:1.0.2"
  checksum: e8d7280a654216e9951103e407d1655c2dfa67178ad468cb0b35701df6b594809ccdc66671b3478660d0e6c4bca9d038b1f1fc032716a184c19d67319550c554
  languageName: node
  linkType: hard

"get-stream@npm:^4.1.0":
  version: 4.1.0
  resolution: "get-stream@npm:4.1.0"
  dependencies:
    pump: ^3.0.0
  checksum: f41bb3c74de09d1dbe1e9d0b6d12520875d99b7ecd32c71ee21eea26d32ca74110e2406922ca64ed8cd6f10076c5f59e4fd128f10cc292eae3b669379e5f18ed
  languageName: node
  linkType: hard

"get-stream@npm:^5.1.0":
  version: 5.2.0
  resolution: "get-stream@npm:5.2.0"
  dependencies:
    pump: ^3.0.0
  checksum: c71c5625f4573a33823371da253b4183df6bdb28cb678d03bab9b5f91626d92d6f3f5ae2404c5efdc1248fbb82204e4dae4283c7ff3cc14e505754f9f748f217
  languageName: node
  linkType: hard

"global-dirs@npm:^2.0.1":
  version: 2.1.0
  resolution: "global-dirs@npm:2.1.0"
  dependencies:
    ini: 1.3.7
  checksum: 32e478655226c5b64f9077c88924ba3079723fb7aabd847574bc21367369ea75d722e13aa77570e22880a51e58338bf4abfbb58f3b03de88c4784a7f94d9a25a
  languageName: node
  linkType: hard

"got@npm:^9.6.0":
  version: 9.6.0
  resolution: "got@npm:9.6.0"
  dependencies:
    "@sindresorhus/is": ^0.14.0
    "@szmarczak/http-timer": ^1.1.2
    cacheable-request: ^6.0.0
    decompress-response: ^3.3.0
    duplexer3: ^0.1.4
    get-stream: ^4.1.0
    lowercase-keys: ^1.0.1
    mimic-response: ^1.0.1
    p-cancelable: ^1.0.0
    to-readable-stream: ^1.0.0
    url-parse-lax: ^3.0.0
  checksum: 4cfb862eb7e2d023f486efbd9ad5ab199ea44f957dc72be9518bf54d832ad4281ef3b63eac4d861b189690c3b7674eef3e1cb4f41285a83fa43293431ab879bd
  languageName: node
  linkType: hard

"graceful-fs@npm:^4.1.2":
  version: 4.2.6
  resolution: "graceful-fs@npm:4.2.6"
  checksum: 84d39c7756892553da990a9db7e45f844b3309b37b5a00174cbb4748476f2250c54f24594d4d252f64f085c65c2fdac7c809419bf6d55f0e6e42eb07ac0f5bf2
  languageName: node
  linkType: hard

"gray-matter@npm:^2.1.0":
  version: 2.1.1
  resolution: "gray-matter@npm:2.1.1"
  dependencies:
    ansi-red: ^0.1.1
    coffee-script: ^1.12.4
    extend-shallow: ^2.0.1
    js-yaml: ^3.8.1
    toml: ^2.3.2
  checksum: 3a0b6ff996198d485de2d68d0053f6165b3483b7da9b523fe701a28fc38e965769d9966d2a73fb66570aba0c2551e05f8dfb741b729266a6dc53dc2d2f4bb986
  languageName: node
  linkType: hard

"gulp-header@npm:^1.7.1":
  version: 1.8.12
  resolution: "gulp-header@npm:1.8.12"
  dependencies:
    concat-with-sourcemaps: "*"
    lodash.template: ^4.4.0
    through2: ^2.0.0
  checksum: e2c453b194c74c5c1e7a19d7c8e0ca47b732f0a48b0c9ffdaaa49dba3c67afa9a1f6dc31bd8faf7357f4cafc3710748dd33ffb2ab414c235dfe82cad5a05c9db
  languageName: node
  linkType: hard

"has-flag@npm:^4.0.0":
  version: 4.0.0
  resolution: "has-flag@npm:4.0.0"
  checksum: 2e5391139d3d287231ccb58659702392f6e3abeac3296fb4721afaff46493f3d9b99a9329ae015dfe973aa206ed5c75f43e86aec0267dce79aa5c2b6e811b3ad
  languageName: node
  linkType: hard

"has-yarn@npm:^2.1.0":
  version: 2.1.0
  resolution: "has-yarn@npm:2.1.0"
  checksum: 105682f263a3437972c75594cdda237ce8454f67cae37a36a507701f300dade0460231dabbe873a7df035b7c0a0b3a686c9fcd1eebb29c73ca35753ecae6fb7d
  languageName: node
  linkType: hard

"http-cache-semantics@npm:^4.0.0":
  version: 4.1.0
  resolution: "http-cache-semantics@npm:4.1.0"
  checksum: 451df9784af2acbe0cc1fd70291285c08ca4a8966ab5ee4d3975e003d1ad4d74c81473086d628f31296b31221966fda8bc5ea1e29dd8f1f33f9fc2b0fdca65ca
  languageName: node
  linkType: hard

"import-lazy@npm:^2.1.0":
  version: 2.1.0
  resolution: "import-lazy@npm:2.1.0"
  checksum: 4907a2ddbe39df77b28cbb3e0a41d675f56990b935cd579df7ccd143501f5496382cfbf8d53f359a41660d4a8963bec22a5d68e12d8fae9c828bf59664114963
  languageName: node
  linkType: hard

"imurmurhash@npm:^0.1.4":
  version: 0.1.4
  resolution: "imurmurhash@npm:0.1.4"
  checksum: 34d414d789286f6ef4d2b954c76c7df40dd7cabffef9b9959c8bd148677e98151f4fa5344aae2e3ad2b62308555ccbba3022e535a3e24288c9babb1308e35532
  languageName: node
  linkType: hard

"inherits@npm:^2.0.3, inherits@npm:~2.0.3":
  version: 2.0.4
  resolution: "inherits@npm:2.0.4"
  checksum: 98426da247ddfc3dcd7d7daedd90c3ca32d5b08deca08949726f12d49232aef94772a07b36cf4ff833e105ae2ef931777f6de4a6dd8245a216b9299ad4a50bea
  languageName: node
  linkType: hard

"ini@npm:1.3.7":
  version: 1.3.7
  resolution: "ini@npm:1.3.7"
  checksum: cf00289cb43d8de635d907c202f7dd8650d8228c322b501c089c4f52ea78dc21ebc38b07c4f37b532f52eba110d11b71f32bc22173097ca0e9c8521575688d7c
  languageName: node
  linkType: hard

"ini@npm:~1.3.0":
  version: 1.3.8
  resolution: "ini@npm:1.3.8"
  checksum: 62189ce7ea44c5778e757e4232c581212e838f3c39e79d931bb9152fd4b9275f09fb20b96afdd60ba9f5d7996b92486cad6cc617fcb84ff4beedd1b33b86221e
  languageName: node
  linkType: hard

"is-buffer@npm:^1.1.5":
  version: 1.1.6
  resolution: "is-buffer@npm:1.1.6"
  checksum: 336ec78f00e88efe6ff6f1aa08d06aadb942a6cd320e5f538ac00648378fb964743b3737c88ce7ce8741c067e4a3b78f596b83ee1a3c72dc2885ea0b03dc84f2
  languageName: node
  linkType: hard

"is-ci@npm:^2.0.0":
  version: 2.0.0
  resolution: "is-ci@npm:2.0.0"
  dependencies:
    ci-info: ^2.0.0
  bin:
    is-ci: bin.js
  checksum: 09083018edafd63221ff0506356f13c0aaf4b75a6435ea648bc67d07ddab199b2d5b9297de43d0821df1a14c18cd9f1edd1775a0166abfe37390843e79137213
  languageName: node
  linkType: hard

"is-extendable@npm:^0.1.0":
  version: 0.1.1
  resolution: "is-extendable@npm:0.1.1"
  checksum: 9d051e68c38b09c242564b62d98cdcc0ba5b20421340c95d5ae023955dcaf31ae1d614e1eb7a18a6358d4c47ea77d811623e1777a0589df9ac5928c370edd5e5
  languageName: node
  linkType: hard

"is-extendable@npm:^1.0.1":
  version: 1.0.1
  resolution: "is-extendable@npm:1.0.1"
  dependencies:
    is-plain-object: ^2.0.4
  checksum: 2bf711afe60cc99f46699015c444db8f06c9c5553dd2b26fd8cb663fcec4bf00df1c11d02e28a8cc97b8efb49315c3c3fcf6ce1ceb09341af8e4fcccde516dd7
  languageName: node
  linkType: hard

"is-fullwidth-code-point@npm:^2.0.0":
  version: 2.0.0
  resolution: "is-fullwidth-code-point@npm:2.0.0"
  checksum: e1e5284f848ab6885665967cd768292a75022304d4401e78937a68f423047c29bfe87a43a9cdb67a3210fff7bcd5da51469122a0eff59b03261c379e58dbe921
  languageName: node
  linkType: hard

"is-fullwidth-code-point@npm:^3.0.0":
  version: 3.0.0
  resolution: "is-fullwidth-code-point@npm:3.0.0"
  checksum: a01a19ecac34386ae3a4e801c5639d6e31082d1ddc418e7cd96317fef3c8b24ec8531558e9d3d35b33551ab9c5cf20bf2cdefa583927b7ff60c27c8d7c216063
  languageName: node
  linkType: hard

"is-installed-globally@npm:^0.3.1":
  version: 0.3.2
  resolution: "is-installed-globally@npm:0.3.2"
  dependencies:
    global-dirs: ^2.0.1
    is-path-inside: ^3.0.1
  checksum: 10fc4fb09fe86c0ed5fa21e821607c6e1ca258386787b1aaad3afbe59470d0c3b50b076cbc996173b9b4c0de7d6a8b741aabf9229ab09d6c37ff663e51631529
  languageName: node
  linkType: hard

"is-npm@npm:^4.0.0":
  version: 4.0.0
  resolution: "is-npm@npm:4.0.0"
  checksum: 94ab2edae37293ceba039729ba1de851448059979138f72d7184a89a484bf70fbefc462268fecf59865e54ce972c15164229acc73bd56c025a7afc7dd0702c40
  languageName: node
  linkType: hard

"is-number@npm:^2.1.0":
  version: 2.1.0
  resolution: "is-number@npm:2.1.0"
  dependencies:
    kind-of: ^3.0.2
  checksum: 54ecb5cc8e6c262a40adc5e0c40b6a4b209070ce8b83e436697938b3ce550185ec56d30a1fdcc84381fb34b150b326eb09f72a6aa2e587aaeaf098a894090950
  languageName: node
  linkType: hard

"is-number@npm:^4.0.0":
  version: 4.0.0
  resolution: "is-number@npm:4.0.0"
  checksum: dda8d33df5fac78f0ce1723a995f0c4a630f59d62390665c52797f39fa9aabaeb1ce8179b29fc02c00cd339da629827e64a6ecc3e2d7619e0b787ea302d88db2
  languageName: node
  linkType: hard

"is-obj@npm:^2.0.0":
  version: 2.0.0
  resolution: "is-obj@npm:2.0.0"
  checksum: ffa67ed5df66e37757876cd976380737a0430551789a0457b8c031eaedef8f5c6bc4ab6d903e529efb777545f8718ab73d9badde61c8b08720a3747ccff0b2a0
  languageName: node
  linkType: hard

"is-path-inside@npm:^3.0.1":
  version: 3.0.3
  resolution: "is-path-inside@npm:3.0.3"
  checksum: b19a2937441131e68b9eb9931ec8933bc87743a8f5364f6f7e1b8fc6c1403386ecf305835fb781e3986332fada456d71ff95af77ccda5806b35aac58234f9080
  languageName: node
  linkType: hard

"is-plain-object@npm:^2.0.4":
  version: 2.0.4
  resolution: "is-plain-object@npm:2.0.4"
  dependencies:
    isobject: ^3.0.1
  checksum: 2f3232267366f3cdf13d53deda1b282ba7959f28ccb2ee8e0ca168f859f0d7126c27c846ebb7c2b9821a09bbda2e1835fd4020337ba666cf3c03dc256aab7ba1
  languageName: node
  linkType: hard

"is-typedarray@npm:^1.0.0":
  version: 1.0.0
  resolution: "is-typedarray@npm:1.0.0"
  checksum: 4e21156e7360a5916eded35c5938adf6278299a8055640864eebb251e4351cd605beccddf9af27477e19f753d453412fe0c21379bb54b55cfdf5add263076959
  languageName: node
  linkType: hard

"is-yarn-global@npm:^0.3.0":
  version: 0.3.0
  resolution: "is-yarn-global@npm:0.3.0"
  checksum: 5a66f706f24e76979ce252a8f5ff4bb680da3c3eb978a2930f0147fecaa583eefb4ee1765bcfb85c0b4e83f67a231355e158a89b0047e83649f8f11a93563ef9
  languageName: node
  linkType: hard

"isarray@npm:1.0.0, isarray@npm:~1.0.0":
  version: 1.0.0
  resolution: "isarray@npm:1.0.0"
  checksum: b0ff31a290e783f7b3fb73f2951ee7fc2946dc197b05f73577dc77f87dc3be2e0f66007bedf069123d4e5c4b691e7c89a241f6ca06f0c0f4765cdac5aa4b4047
  languageName: node
  linkType: hard

"isobject@npm:^2.0.0":
  version: 2.1.0
  resolution: "isobject@npm:2.1.0"
  dependencies:
    isarray: 1.0.0
  checksum: 2e7d7dd8d5874d1c32a0380f8b5d8d84aee782e0137e5978f75e27402ee2d49ca194baf7acd43d176f4fe0d925090b8b336461741674f402558e954c8c4ee886
  languageName: node
  linkType: hard

"isobject@npm:^3.0.1":
  version: 3.0.1
  resolution: "isobject@npm:3.0.1"
  checksum: b537a9ccdd8d40ec552fe7ff5db3731f1deb77581adf9beb8ae812f8d08acfa0e74b193159ac50fb01084d7ade06d114077f984e21b8340531241bf85be9a0ab
  languageName: node
  linkType: hard

"js-yaml@npm:^3.8.1":
  version: 3.14.1
  resolution: "js-yaml@npm:3.14.1"
  dependencies:
    argparse: ^1.0.7
    esprima: ^4.0.0
  bin:
    js-yaml: bin/js-yaml.js
  checksum: 46b61f889796a20d16b0b64580a01b6a02b2e45c1a2744906346da54d07e14cde764e887ab6d1512d8b2541c63711bd4b75859c28eb99605baf59fa173fc38c2
  languageName: node
  linkType: hard

"json-buffer@npm:3.0.0":
  version: 3.0.0
  resolution: "json-buffer@npm:3.0.0"
  checksum: 09b53ecc8ffbb1252d9ef07f37ad616eb0769325d749c87555df786dc70e9855d4ad208255bbf232c86069504756277a7efb6725a31f6e6c4ef39a7b072e75f2
  languageName: node
  linkType: hard

"keyv@npm:^3.0.0":
  version: 3.1.0
  resolution: "keyv@npm:3.1.0"
  dependencies:
    json-buffer: 3.0.0
  checksum: 6bf032ee504f27e00ae3a366c7e0ca5d93b8f947672871568f2a1456bf56d1bc4e55555158a45188d14483c4c38d0fa1dc7f0585b0d6c640f8e79abc9b4d3162
  languageName: node
  linkType: hard

"kind-of@npm:^3.0.2":
  version: 3.2.2
  resolution: "kind-of@npm:3.2.2"
  dependencies:
    is-buffer: ^1.1.5
  checksum: e8a1835c4baa9b52666cd5d8ae89e6b9b9f5978600a30ba75fc92da332d1ba182bda90aa7372fc992a3eb6da261dc3fea0f136af24ddc87cfb668d40c817af56
  languageName: node
  linkType: hard

"kind-of@npm:^6.0.0":
  version: 6.0.3
  resolution: "kind-of@npm:6.0.3"
  checksum: 5de5d6577796af87a983199d6350ed41c670abec4a306cc43ca887c1afdbd6b89af9ab00016e3ca17eb7ad89ebfd9bb817d33baa89f855c6c95398a8b8abbf08
  languageName: node
  linkType: hard

"latest-version@npm:^5.0.0":
  version: 5.1.0
  resolution: "latest-version@npm:5.1.0"
  dependencies:
    package-json: ^6.3.0
  checksum: 63c1f224358d094a75782cc48a5b3eeaf70a70c0e18f8b814480e50ed0ecedb4bc5f2c9cc44c7983fbf31e865f0376526bf9a563c304f3261971f38d8f51c5c6
  languageName: node
  linkType: hard

"lazy-cache@npm:^2.0.2":
  version: 2.0.2
  resolution: "lazy-cache@npm:2.0.2"
  dependencies:
    set-getter: ^0.1.0
  checksum: 27bc7d08d4beb6cdb5ec63b13b0966743ec244fe6fa03860ae1b8b555b4bc88285b261ad2d3e14ac3288cb181dbea583ee22d0a4cea1eb9b899fe973f7339142
  languageName: node
  linkType: hard

"list-item@npm:^1.1.1":
  version: 1.1.1
  resolution: "list-item@npm:1.1.1"
  dependencies:
    expand-range: ^1.8.1
    extend-shallow: ^2.0.1
    is-number: ^2.1.0
    repeat-string: ^1.5.2
  checksum: a3d5f1a8fea13eab2fafc054d16ef9115f18ab1f283d7e5a642426018122dea2fc3a76fd7151b175246c1e9f3f397c4ae5da26e1b1f4561d65ccf11230b580b7
  languageName: node
  linkType: hard

"lodash._reinterpolate@npm:^3.0.0":
  version: 3.0.0
  resolution: "lodash._reinterpolate@npm:3.0.0"
  checksum: 27513557d6fe526296324f1de9e1b8e8ac88ef2a2544a655e825f3ab0f52c5a675f1a73a0c9ff3c64fda031c56dfb4deb9dac7c7d21f9a04bc63dd7db5a5a73d
  languageName: node
  linkType: hard

"lodash.template@npm:^4.4.0":
  version: 4.5.0
  resolution: "lodash.template@npm:4.5.0"
  dependencies:
    lodash._reinterpolate: ^3.0.0
    lodash.templatesettings: ^4.0.0
  checksum: e27068e20b7a374938c20ab76a093dd49e9626bfbe1882d9d05d81efefe3210cfcd6ad24f1cb0d956ce57d75855fec17bd386a4aa54762a144bd7c0891ee7ee1
  languageName: node
  linkType: hard

"lodash.templatesettings@npm:^4.0.0":
  version: 4.2.0
  resolution: "lodash.templatesettings@npm:4.2.0"
  dependencies:
    lodash._reinterpolate: ^3.0.0
  checksum: 45546a5b76376b138ef4f01aa2722813127c639428eb9baef3fbac176b509ee2dab5cb9d1ee8267dbeeef8d49371f9a748af3df83649bf8b75fa54993f65b7aa
  languageName: node
  linkType: hard

"lowercase-keys@npm:^1.0.0, lowercase-keys@npm:^1.0.1":
  version: 1.0.1
  resolution: "lowercase-keys@npm:1.0.1"
  checksum: ac9d79c47dd9f831cebb2cbe930e72f7c03b27ab07c5bb9072ee0b4a853ce26d6648403b9eb371b3d400af3790da9ce65cf7207af887f8c134d53dce81559107
  languageName: node
  linkType: hard

"lowercase-keys@npm:^2.0.0":
  version: 2.0.0
  resolution: "lowercase-keys@npm:2.0.0"
  checksum: 4da67f41865a25360bb05749a66a83c60987c7efa0b8ec443941a19978c21ba916ae9fedca25b96fc652026c4264a437d3fec099d1949716b5483eec42395ec9
  languageName: node
  linkType: hard

"make-dir@npm:^3.0.0":
  version: 3.1.0
  resolution: "make-dir@npm:3.1.0"
  dependencies:
    semver: ^6.0.0
  checksum: 54b6f186c209c1b133d0d1710e6b04c41ebfcb0dac699e5a369ea1223f22c0574ef820b91db37cae6c245f5bda8aff9bfec94f6c23e7d75970446b34a58a79b0
  languageName: node
  linkType: hard

"make-error@npm:^1.1.1":
  version: 1.3.6
  resolution: "make-error@npm:1.3.6"
  checksum: 2c780bab8409b865e8ee86697c599a2bf2765ec64d21eb67ccda27050e039f983feacad05a0d43aba3c966ea03d305d2612e94fec45474bcbc61181f57c5bb88
  languageName: node
  linkType: hard

"markdown-link@npm:^0.1.1":
  version: 0.1.1
  resolution: "markdown-link@npm:0.1.1"
  checksum: 17dda8af232ef9691d0734da464b88ca1c43fec87d7494709e380b233d31ea3c649ab1c2be700ac2fb2b95671f3714d3f504d95b6e9227efb4c0e289861d0e2e
  languageName: node
  linkType: hard

"markdown-toc@npm:^1.2.0":
  version: 1.2.0
  resolution: "markdown-toc@npm:1.2.0"
  dependencies:
    concat-stream: ^1.5.2
    diacritics-map: ^0.1.0
    gray-matter: ^2.1.0
    lazy-cache: ^2.0.2
    list-item: ^1.1.1
    markdown-link: ^0.1.1
    minimist: ^1.2.0
    mixin-deep: ^1.1.3
    object.pick: ^1.2.0
    remarkable: ^1.7.1
    repeat-string: ^1.6.1
    strip-color: ^0.1.0
  bin:
    markdown-toc: cli.js
  checksum: 1215c70feda47a5a05756658f75b27cc90d2aa17ea9d1f145539e5f6338ab12244ac132d07d94ebe012ebd4aa307a7d3ba4269a5c0d5f0c8535bcee43400aba0
  languageName: node
  linkType: hard

"math-random@npm:^1.0.1":
  version: 1.0.4
  resolution: "math-random@npm:1.0.4"
  checksum: 84d091e9b24325802d78cae20e7ba249fec8dd21b158f93c36c636a188bee8ae5866cf0743b7f5c2429663735f8ac41bc60fc8b9a1c7f71f79f791d24c7eb893
  languageName: node
  linkType: hard

"mimic-response@npm:^1.0.0, mimic-response@npm:^1.0.1":
  version: 1.0.1
  resolution: "mimic-response@npm:1.0.1"
  checksum: 64b43c717ed8710bc920576e96d38d0e504e9eec3114af8e00c9e3d7ae53cd459ee38febb0badc83e3a4e6d21cd571db43e9011f8cf014809989c87a1a9f0ea4
  languageName: node
  linkType: hard

"minimist@npm:^1.2.0":
  version: 1.2.5
  resolution: "minimist@npm:1.2.5"
  checksum: b77b8590147a4e217ff34266236bc39de23b52e6e33054076991ff674c7397a1380a7bde11111916f16f003a94aaa7e4f3d92595a32189644ff607fabc65a5b6
  languageName: node
  linkType: hard

"mixin-deep@npm:^1.1.3":
  version: 1.3.2
  resolution: "mixin-deep@npm:1.3.2"
  dependencies:
    for-in: ^1.0.2
    is-extendable: ^1.0.1
  checksum: 68da98bc1af57ffccde7abdc86ac49feec263b73b3c483ab7e6e2fab9aa2b06fba075da9e86bcda725133c1d2a59e4c810a17b55865c67c827871c25d5713c33
  languageName: node
  linkType: hard

"normalize-url@npm:^4.1.0":
  version: 4.5.0
  resolution: "normalize-url@npm:4.5.0"
  checksum: 09794941dbe5c7b91caf6f3cd1ae167c27f6d09793e4a03601a68b62de7e8ee9e5de21a246130cdbab98b01481de292f9556d492444a527648f9cf1220e4b0df
  languageName: node
  linkType: hard

"object.pick@npm:^1.2.0":
  version: 1.3.0
  resolution: "object.pick@npm:1.3.0"
  dependencies:
    isobject: ^3.0.1
  checksum: e22d555d3bb73c665a5baa1da7789d3a98f557d8712a9bbe34dc59d4adbce9d390245815296025de5260b18794de647401a6b2ae1ba0ab854a6710e2958291f6
  languageName: node
  linkType: hard

"once@npm:^1.3.1, once@npm:^1.4.0":
  version: 1.4.0
  resolution: "once@npm:1.4.0"
  dependencies:
    wrappy: 1
  checksum: 57afc246536cf6494437f982b26475f22bee860f8b77ce8eb1543f42a8bffe04b2c66ddfea9a16cb25ccb80943f8ee4fc639367ef97b7a6a4f2672eb573963f5
  languageName: node
  linkType: hard

"p-cancelable@npm:^1.0.0":
  version: 1.1.0
  resolution: "p-cancelable@npm:1.1.0"
  checksum: 01fdd9ac319f0e69e22c18d5b9e5f4dca62a0827d72349c73b0c88b07c760849de49201dcbe4fbbcbe61b4bdce8f4f3596cfbbfed664cf411ff1ab9a80664574
  languageName: node
  linkType: hard

"package-json@npm:^6.3.0":
  version: 6.5.0
  resolution: "package-json@npm:6.5.0"
  dependencies:
    got: ^9.6.0
    registry-auth-token: ^4.0.0
    registry-url: ^5.0.0
    semver: ^6.2.0
  checksum: 3023e318de5d76bbd650aedd3671b452cb1e018c4d99b72955dde0f22c6ba765c3f6d678ab0ee45e2561842e8399b1fea77a0730dc93c39505e7ebfed7ab2818
  languageName: node
  linkType: hard

"prepend-http@npm:^2.0.0":
  version: 2.0.0
  resolution: "prepend-http@npm:2.0.0"
  checksum: d39325775adce38e18213fd19656af4abd7672ef6b1e330437079bb237de011d49a70bfb56b35037603d30ef279cceddb33794f70168582d50845c2ade29968e
  languageName: node
  linkType: hard

"prettier@npm:^2.1.1":
  version: 2.2.1
  resolution: "prettier@npm:2.2.1"
  bin:
    prettier: bin-prettier.js
  checksum: 92c6c9f4b87eba1f28466edee57dd18c80d00b858edda77d46d1950d20e6e302b68ee255fc91133ba931e63c4577b5ae30da194d9626a8f3c0177778b91bf056
  languageName: node
  linkType: hard

"process-nextick-args@npm:~2.0.0":
  version: 2.0.1
  resolution: "process-nextick-args@npm:2.0.1"
  checksum: ddeb0f07d0d5efa649c2c5e39d1afd0e3668df2b392d036c8a508b0034f7beffbc474b3c2f7fd3fed2dc4113cef8f1f7e00d05690df3c611b36f6c7efd7852d1
  languageName: node
  linkType: hard

"pump@npm:^3.0.0":
  version: 3.0.0
  resolution: "pump@npm:3.0.0"
  dependencies:
    end-of-stream: ^1.1.0
    once: ^1.3.1
  checksum: 5464d5cf6c6f083cc60cb45b074fb9a4a92ba4d3e0d89e9b2fa1906d8151fd3766784a426725ccf1af50d1c29963ac20b13829933549830e08a6704e3f95e08c
  languageName: node
  linkType: hard

"pupa@npm:^2.0.1":
  version: 2.1.1
  resolution: "pupa@npm:2.1.1"
  dependencies:
    escape-goat: ^2.0.0
  checksum: b300d979e1bcc388b0aabe723e9bd7f6598f02a10e66b693b9dde6249f68ad95e93804a1511dbbafd172e404b837d60c49ebdd152e3e94909dc282ca4ba285e8
  languageName: node
  linkType: hard

"randomatic@npm:^3.0.0":
  version: 3.1.1
  resolution: "randomatic@npm:3.1.1"
  dependencies:
    is-number: ^4.0.0
    kind-of: ^6.0.0
    math-random: ^1.0.1
  checksum: a70d5cc7b09eebe5964dd7e0cf37faa328ab744bcdbb171b529af12a1174c8b8024c2174bf23e6d80504e69e9ddbabce4c1d3984509ff9db86e91d4d161d2cae
  languageName: node
  linkType: hard

"rc@npm:^1.2.8":
  version: 1.2.8
  resolution: "rc@npm:1.2.8"
  dependencies:
    deep-extend: ^0.6.0
    ini: ~1.3.0
    minimist: ^1.2.0
    strip-json-comments: ~2.0.1
  bin:
    rc: ./cli.js
  checksum: ea2b7f7cee201a67923a2240de594a5d9b59bd312b814b06536d3d609a416dfd6fb9b85ea2abfd3b8a4eb5ed33eaff946ee75a8f2b7fb10941073c5cfee6b7a5
  languageName: node
  linkType: hard

"readable-stream@npm:^2.2.2, readable-stream@npm:~2.3.6":
  version: 2.3.7
  resolution: "readable-stream@npm:2.3.7"
  dependencies:
    core-util-is: ~1.0.0
    inherits: ~2.0.3
    isarray: ~1.0.0
    process-nextick-args: ~2.0.0
    safe-buffer: ~5.1.1
    string_decoder: ~1.1.1
    util-deprecate: ~1.0.1
  checksum: 6e3826560627a751feb3a8aec073ef94c6e47b8c8e06eb5d136323b5f09db9d2077c23a42a8d54ed0123695af54b36c1e4271a8ec55112b15f4b89020d8dec72
  languageName: node
  linkType: hard

"registry-auth-token@npm:^4.0.0":
  version: 4.2.1
  resolution: "registry-auth-token@npm:4.2.1"
  dependencies:
    rc: ^1.2.8
  checksum: 10ca9caeea81da4a9e52f1932c5aa0fc67cc7301df48a768260e946df354dfde8ccd0c2f1caa1b66b49620bb696d18eb2f4be93c55f0217439e2ab116d6c32a4
  languageName: node
  linkType: hard

"registry-url@npm:^5.0.0":
  version: 5.1.0
  resolution: "registry-url@npm:5.1.0"
  dependencies:
    rc: ^1.2.8
  checksum: 50802a1d43efb18505ffc1f242b8af43bde95e95ac2461f453ef21d4bce793d4230076147809f1ade7452afaa537c6e0324dd4a7bc9d83f1b6f5cc7e1300c544
  languageName: node
  linkType: hard

"remarkable@npm:^1.7.1":
  version: 1.7.4
  resolution: "remarkable@npm:1.7.4"
  dependencies:
    argparse: ^1.0.10
    autolinker: ~0.28.0
  bin:
    remarkable: ./bin/remarkable.js
  checksum: 8f0540bc9ea4a79ed3177a490db809a2ce94c53b99e539f63c955b2d6334255b47f723a644ff090a81802862fa13995c9ff55c6f40dfbc2bf92b71da359915e8
  languageName: node
  linkType: hard

"repeat-element@npm:^1.1.2":
  version: 1.1.4
  resolution: "repeat-element@npm:1.1.4"
  checksum: 44db9550826d4101f1db2deccd1afe226e77a137c94b899b98505409703513894ef5195fcd0fccb9f0979f3ab7d582cac7c19ff4cf8b606c2f0754488e164c70
  languageName: node
  linkType: hard

"repeat-string@npm:^1.5.2, repeat-string@npm:^1.6.1":
  version: 1.6.1
  resolution: "repeat-string@npm:1.6.1"
  checksum: 99c431ba7bef7a5d39819d562ebca89206368b45f73213677a3b562e25b5dd272d9e6a2ca8105001df14b6fc8cc71f0b10258c86e16cf8a256318fac1ddc8a77
  languageName: node
  linkType: hard

"responselike@npm:^1.0.2":
  version: 1.0.2
  resolution: "responselike@npm:1.0.2"
  dependencies:
    lowercase-keys: ^1.0.0
  checksum: c904f1499418d0729e9592079ea653c8fd35d50a7cca1a17d58ef3137382f915cbd344daaa7fe2e2b064a6d9fab4bcdd8b2ab963c523829427b440b775fba8fd
  languageName: node
  linkType: hard

"safe-buffer@npm:~5.1.0, safe-buffer@npm:~5.1.1":
  version: 5.1.2
  resolution: "safe-buffer@npm:5.1.2"
  checksum: 2708587c1b5e70a5e420714ceb59f30f5791c6e831d39812125a008eca63a4ac18578abd020a0776ea497ff03b4543f2b2a223a7b9073bf2d6c7af9ec6829218
  languageName: node
  linkType: hard

"semver-diff@npm:^3.1.1":
  version: 3.1.1
  resolution: "semver-diff@npm:3.1.1"
  dependencies:
    semver: ^6.3.0
  checksum: d5c9b693e6118bf56226b52fe4bb51f1f05fd7b91bd7979d3d01b32d4e136e16e4ea110f28f0690608712473d682e7a71a05f0ab65b8ba4a70d63b536d4c6278
  languageName: node
  linkType: hard

"semver@npm:^6.0.0, semver@npm:^6.2.0, semver@npm:^6.3.0":
  version: 6.3.0
  resolution: "semver@npm:6.3.0"
  bin:
    semver: ./bin/semver.js
  checksum: f0d155c06a67cc7e500c92d929339f1c6efd4ce9fe398aee6acc00a2333489cca0f5b4e76ee7292beba237fcca4b5a3d4a6153471f105f56299801bdab37289f
  languageName: node
  linkType: hard

"set-getter@npm:^0.1.0":
  version: 0.1.0
  resolution: "set-getter@npm:0.1.0"
  dependencies:
    to-object-path: ^0.3.0
  checksum: 931cedb99dec57389729296f193696b10453252b7e2e4b3d726f4091dbcc7db22165cc0721ce125212f7b72167d82ad126d1a85201cd738468cf7ce8af459737
  languageName: node
  linkType: hard

"signal-exit@npm:^3.0.2":
  version: 3.0.3
  resolution: "signal-exit@npm:3.0.3"
  checksum: f8f3fec95c8d1f9ad7e3cce07e1195f84e7a85cdcb4e825e8a2b76aa5406a039083d2bc9662b3cf40e6948262f41277047d20e6fbd58c77edced0b18fab647d8
  languageName: node
  linkType: hard

"source-map-support@npm:^0.5.17":
  version: 0.5.19
  resolution: "source-map-support@npm:0.5.19"
  dependencies:
    buffer-from: ^1.0.0
    source-map: ^0.6.0
  checksum: 59d4efaae97755155b078413ecba63517e3ef054cc7ab767bbd30e6f3054be2ae8e8f5cce7eef53b7eb93e98fe27a58dd8f5e7abfb13144ba420ddaf5267bbb2
  languageName: node
  linkType: hard

"source-map@npm:^0.6.0, source-map@npm:^0.6.1":
  version: 0.6.1
  resolution: "source-map@npm:0.6.1"
  checksum: 8647829a0611724114022be455ca1c8a2c8ae61df81c5b3667d9b398207226a1e21174fb7bbf0b4dbeb27ac358222afb5a14f1c74a62a62b8883b012e5eb1270
  languageName: node
  linkType: hard

"sprintf-js@npm:~1.0.2":
  version: 1.0.3
  resolution: "sprintf-js@npm:1.0.3"
  checksum: 51df1bce9e577287f56822d79ac5bd94f6c634fccf193895f2a1d2db2e975b6aa7bc97afae9cf11d49b7c37fe4afc188ff5c4878be91f2c86eabd11c5df8b62c
  languageName: node
  linkType: hard

"string-width@npm:^3.0.0":
  version: 3.1.0
  resolution: "string-width@npm:3.1.0"
  dependencies:
    emoji-regex: ^7.0.1
    is-fullwidth-code-point: ^2.0.0
    strip-ansi: ^5.1.0
  checksum: 54c5d1842dc122d8e0251ad50e00e91c06368f1aca44f41a67cd5ce013c4ba8f5a26f1b7f72a3e1644f38c62092a82c86b646aff514073894faf84b9564a38a0
  languageName: node
  linkType: hard

"string-width@npm:^4.0.0, string-width@npm:^4.1.0":
  version: 4.2.2
  resolution: "string-width@npm:4.2.2"
  dependencies:
    emoji-regex: ^8.0.0
    is-fullwidth-code-point: ^3.0.0
    strip-ansi: ^6.0.0
  checksum: d42484f5fdc50b4a573be784a06bc971e124d3fdc08779848a58d632bc88b349a33af54d1f0e1904dbd5dcbbe50651e4b39938799ebb1011a730421af1381892
  languageName: node
  linkType: hard

"string_decoder@npm:~1.1.1":
  version: 1.1.1
  resolution: "string_decoder@npm:1.1.1"
  dependencies:
    safe-buffer: ~5.1.0
  checksum: bc2dc169d83df1b9e94defe7716bcad8a19ffe8211b029581cb0c6f9e83a6a7ba9ec3be38d179708a8643c692868a2b8b004ab159555dc26089ad3fa7b2158f5
  languageName: node
  linkType: hard

"strip-ansi@npm:^5.1.0":
  version: 5.2.0
  resolution: "strip-ansi@npm:5.2.0"
  dependencies:
    ansi-regex: ^4.1.0
  checksum: 44a0d0d354f5f7b15f83323879a9112ea746daae7bef0b68238a27626ee757d9a04ce6590433841e14b325e8e7c5d62b8442885e50497e21b7cbca6da40d54ea
  languageName: node
  linkType: hard

"strip-ansi@npm:^6.0.0":
  version: 6.0.0
  resolution: "strip-ansi@npm:6.0.0"
  dependencies:
    ansi-regex: ^5.0.0
  checksum: 10568c91cadbef182a807c38dfa718dce15a35b12fcc97b96b6b2029d0508ef66ca93fabddeb49482d9b027495d1e18591858e80f27ad26861c4967c60fd207f
  languageName: node
  linkType: hard

"strip-color@npm:^0.1.0":
  version: 0.1.0
  resolution: "strip-color@npm:0.1.0"
  checksum: 23ddaa9ada2c0e9230488a668c45b719f8067a353b0697e3c07b5e0cd20d1f7c33e6564c5e5d4f545f4d9aee9373a17da65c2bfe22935ba5909ac0f159e2d024
  languageName: node
  linkType: hard

"strip-json-comments@npm:~2.0.1":
  version: 2.0.1
  resolution: "strip-json-comments@npm:2.0.1"
  checksum: e60d99aa2849c27a04dce0620334f45822197df6b83664dd3746971e9a0a766d989dbb8d87f9cb7350725d2b5df401a2343222ad06e36a1ba7d62c6633267fcb
  languageName: node
  linkType: hard

"supports-color@npm:^7.1.0":
  version: 7.2.0
  resolution: "supports-color@npm:7.2.0"
  dependencies:
    has-flag: ^4.0.0
  checksum: 8e57067c39216f3c2ffce7cc14ca934d54746192571203aa9c9922d97d2d55cc1bdaa9e41a11f91e620670b5a74ebdec6b548a885d8cc2dea7cab59e21416029
  languageName: node
  linkType: hard

"term-size@npm:^2.1.0":
  version: 2.2.1
  resolution: "term-size@npm:2.2.1"
  checksum: a013f688f6fc1b6410be3b2f7a04c3a9169e97186949b0bc33cc7c1943b0c88d9a943f81e518d9227cb817803e7a18c702f2971eafd6d8659ce4a1df94094246
  languageName: node
  linkType: hard

"through2@npm:^2.0.0":
  version: 2.0.5
  resolution: "through2@npm:2.0.5"
  dependencies:
    readable-stream: ~2.3.6
    xtend: ~4.0.1
  checksum: 7427403555ead550d3cbe11f69eb07797e27505fc365cf53572111556a7c08625adb5159cad0fc4b9f57babfd937692e34b3a8a20ba35072f4e85f83d340661c
  languageName: node
  linkType: hard

"to-object-path@npm:^0.3.0":
  version: 0.3.0
  resolution: "to-object-path@npm:0.3.0"
  dependencies:
    kind-of: ^3.0.2
  checksum: a6a5a502259af744ac4e86752c8e71395c4106cae6f4e2a5c711e6f5de4cdbd08691e9295bf5b6e86b3e12722274fc3c5c0410f5fcf42ca783cc43f62139b5d0
  languageName: node
  linkType: hard

"to-readable-stream@npm:^1.0.0":
  version: 1.0.0
  resolution: "to-readable-stream@npm:1.0.0"
  checksum: aa4b65d3e7a60d7b51204585187bdfd2159788a22ec241451c782552699e8dec39dcb8a9cd4957e03f32191ca18d3ea80abd9bb40005a8f1631df8fbba22b413
  languageName: node
  linkType: hard

"toml@npm:^2.3.2":
  version: 2.3.6
  resolution: "toml@npm:2.3.6"
  checksum: dc54322634b39ea0feda6ccf1631edb9296acee66aed87d55594b8882d59e3cef3111f6138357427e1208564ed3518e4675586313cb2694fe9cb6858d9711a29
  languageName: node
  linkType: hard

"ts-node@npm:8.9.1":
  version: 8.9.1
  resolution: "ts-node@npm:8.9.1"
  dependencies:
    arg: ^4.1.0
    diff: ^4.0.1
    make-error: ^1.1.1
    source-map-support: ^0.5.17
    yn: 3.1.1
  peerDependencies:
    typescript: ">=2.7"
  bin:
    ts-node: dist/bin.js
    ts-node-script: dist/bin-script.js
    ts-node-transpile-only: dist/bin-transpile.js
    ts-script: dist/bin-script-deprecated.js
  checksum: 8b365cd64448b6a7904f910d5d23d25ffc5a89a7dad9cfae9cf6c6cda464b08ecf10601aadc6db04155deecd9b64546745c614c3d4180d1d19ad85fdfb5f14d3
  languageName: node
  linkType: hard

"type-fest@npm:^0.8.1":
  version: 0.8.1
  resolution: "type-fest@npm:0.8.1"
  checksum: f8c4b4249f52e8bea7a4fc55b3653c96c2d547240e4c772e001d02b7cc38b8c3eb493ab9fbe985a76a203cd1aa7044776b728a71ba12bf36e7131f989597885b
  languageName: node
  linkType: hard

"typedarray-to-buffer@npm:^3.1.5":
  version: 3.1.5
  resolution: "typedarray-to-buffer@npm:3.1.5"
  dependencies:
    is-typedarray: ^1.0.0
  checksum: e6e0e6812acc3496612d81abe026bb6c71bfc0f3daa00716a3236fe37c46a81508de8306df8a29ae81e2a2c4293b6b8067c77b65003e0022134d544902b9acec
  languageName: node
  linkType: hard

"typedarray@npm:^0.0.6":
  version: 0.0.6
  resolution: "typedarray@npm:0.0.6"
  checksum: c9ef0176aaf32593514c31e5c6edc1db970847aff6e1f0a0570a6ac0cc996335792f394c2fcec59cc76691d22a01888ea073a2f3c6930cfcf7c519addf4e2ad7
  languageName: node
  linkType: hard

typescript@3.9.3:
  version: 3.9.3
  resolution: "typescript@npm:3.9.3"
  bin:
    tsc: bin/tsc
    tsserver: bin/tsserver
  checksum: f05e6f1c50c635bd7afc95fbc9eb704042b5bec9a77b9c86ddc0c56650c928617d608b9ec9aa468d7b4cf14ac1ea5f540c540c725005a179b54a86665abd9a55
  languageName: node
  linkType: hard

"typescript@patch:typescript@3.9.3#builtin<compat/typescript>":
  version: 3.9.3
  resolution: "typescript@patch:typescript@npm%3A3.9.3#builtin<compat/typescript>::version=3.9.3&hash=a45b0e"
  bin:
    tsc: bin/tsc
    tsserver: bin/tsserver
  checksum: 54b2889e3dce3cdb00e652c207e0d85b4cecd902dae3c999c2f860634ec87029426121b9a7c2b83d89466eff42dc26b2a3cda033fa67b1723d6e00a0dc54ea4c
  languageName: node
  linkType: hard

"unique-string@npm:^2.0.0":
  version: 2.0.0
  resolution: "unique-string@npm:2.0.0"
  dependencies:
    crypto-random-string: ^2.0.0
  checksum: a2748b41eaada391800773c16674fe4e9a3f078162e49b2c6b4e67d36061a0f97be4b7851136d786ed5e4ddc90770400fd54bf32aed1e08ec9a9219d9b66bad3
  languageName: node
  linkType: hard

"update-notifier@npm:4.1.0":
  version: 4.1.0
  resolution: "update-notifier@npm:4.1.0"
  dependencies:
    boxen: ^4.2.0
    chalk: ^3.0.0
    configstore: ^5.0.1
    has-yarn: ^2.1.0
    import-lazy: ^2.1.0
    is-ci: ^2.0.0
    is-installed-globally: ^0.3.1
    is-npm: ^4.0.0
    is-yarn-global: ^0.3.0
    latest-version: ^5.0.0
    pupa: ^2.0.1
    semver-diff: ^3.1.1
    xdg-basedir: ^4.0.0
  checksum: 2d35bb8785da43c247c5c7b7734c50c040378de61569afbfc22681b46066240ccdf717b38a62483926f6452f26a547418768627a2f0dede70ca6f4f0b5c78309
  languageName: node
  linkType: hard

"url-parse-lax@npm:^3.0.0":
  version: 3.0.0
  resolution: "url-parse-lax@npm:3.0.0"
  dependencies:
    prepend-http: ^2.0.0
  checksum: 334817036b300c35023798b8ceac23ea61b51f231a867112e3a85778d65191a3ccb67e7b69b608d45433d55da392cf0d72cd3c85f2542f6ec34733e455c229d5
  languageName: node
  linkType: hard

"util-deprecate@npm:~1.0.1":
  version: 1.0.2
  resolution: "util-deprecate@npm:1.0.2"
  checksum: 73c2b1cf0210ccac300645384d8443cabbd93194117b2dc1b3bae8d8279ad39aedac857e020c4ea505e96a1045059c7359db3df6a9df0be6b8584166c9d61dc9
  languageName: node
  linkType: hard

"vercel@npm:^20.0.0":
  version: 20.1.4
  resolution: "vercel@npm:20.1.4"
  dependencies:
    "@vercel/build-utils": 2.6.0
    "@vercel/go": 1.1.6
    "@vercel/node": 1.8.5
    "@vercel/python": 1.2.3
    "@vercel/ruby": 1.2.4
    update-notifier: 4.1.0
  bin:
    vc: dist/index.js
    vercel: dist/index.js
  checksum: 1c27053d489da3baaf78a6b65883432650601a50158c9daf09b82d1de5712992db4809e9fda0d872bbe04330eb0f5f8534e6405c612cbf865f83d291dcbc3a31
  languageName: node
  linkType: hard

"widest-line@npm:^3.1.0":
  version: 3.1.0
  resolution: "widest-line@npm:3.1.0"
  dependencies:
    string-width: ^4.0.0
  checksum: 729c30582e49bdcb1372216eedfd71d1640a1344a4b4e970bc9f33d575b56b130f530b383fbab2cf2bcffb76ea4357e6a66939778d8de91ca66037651d94e01a
  languageName: node
  linkType: hard

"wrappy@npm:1":
  version: 1.0.2
  resolution: "wrappy@npm:1.0.2"
  checksum: 519fcda0fcdf0c16327be2de9d98646742307bc830277e8868529fcf7566f2b330a6453c233e0cdcb767d5838dd61a90984a02ecc983bcddebea5ad0833bbf98
  languageName: node
  linkType: hard

"write-file-atomic@npm:^3.0.0":
  version: 3.0.3
  resolution: "write-file-atomic@npm:3.0.3"
  dependencies:
    imurmurhash: ^0.1.4
    is-typedarray: ^1.0.0
    signal-exit: ^3.0.2
    typedarray-to-buffer: ^3.1.5
  checksum: a26a8699c30cdc81d041b2c1049c6773f1e8401edda365874e9ca2dcf1fcf024dfeb43eea5e08c2e9b4e77be08a160d37f8d6c5d8c2d3ceccdf3d06e5cb38d35
  languageName: node
  linkType: hard

"xdg-basedir@npm:^4.0.0":
  version: 4.0.0
  resolution: "xdg-basedir@npm:4.0.0"
  checksum: 928953cb7dda8e2475932f748847a3aae751f44864a0067b03e5ca66820a36e1e9ffb647f9b06fb68ebcb0b9d06d5aee630717a1d2501be14cec99f82efa2fe6
  languageName: node
  linkType: hard

"xtend@npm:~4.0.1":
  version: 4.0.2
  resolution: "xtend@npm:4.0.2"
  checksum: 37ee522a3e9fb9b143a400c30b21dc122aa8c9c9411c6afae1005a4617dc20a21765c114d544e37a6bb60c2733dd8ee0a44ed9e80d884ac78cccd30b5e0ab0da
  languageName: node
  linkType: hard

"yn@npm:3.1.1":
  version: 3.1.1
  resolution: "yn@npm:3.1.1"
  checksum: bff63b80568d80c711670935427494dde47cdf97e8b04196b140ce0af519c81c5ee857eddad0caa8b422dd65aea0157bbfaacbb1546bebba623f0f383d5d9ae5
  languageName: node
  linkType: hard
